
Microsoft Visual Studio Solution File, Format Version 12.00
# Visual Studio Version 17
VisualStudioVersion = 17.2.32630.192
MinimumVisualStudioVersion = 10.0.40219.1
Project("{8BC9CEB8-8B4A-11D0-8D11-00A0C91BC942}") = "Loader", "Loader\Loader.vcxproj", "{177D825B-BC7F-439B-B1D4-BD21A3E8F2DB}"
EndProject
Project("{FAE04EC0-301F-11D3-BF4B-00C04F79EFBC}") = "BloogBot", "BloogBot\BloogBot.csproj", "{68CA170A-19E6-4851-BF32-50C1DA32580F}"
EndProject
Project("{FAE04EC0-301F-11D3-BF4B-00C04F79EFBC}") = "Bootstraper", "Bootstraper\Bootstraper.csproj", "{A97CA82F-71D9-458E-B4A3-9817CFFF7F4B}"
EndProject
Project("{8BC9CEB8-8B4A-11D0-8D11-00A0C91BC942}") = "Fastcall", "Fastcall\Fastcall.vcxproj", "{48234A77-BC36-4282-8971-5BEFC56E72E3}"
EndProject
Project("{2150E333-8FDC-42A3-9474-1A3956D46DE8}") = "Solution Items", "Solution Items", "{EC42D9DD-FD01-4B5A-84B0-941718E57D02}"
	ProjectSection(SolutionItems) = preProject
		.editorconfig = .editorconfig
	EndProjectSection
EndProject
Project("{2150E333-8FDC-42A3-9474-1A3956D46DE8}") = "Bots", "Bots", "{D1A24BC3-377A-40AC-9BB0-BE81C5282669}"
EndProject
Project("{9A19103F-16F7-4668-BE54-9A1E7A4F7556}") = "test", "test\test.csproj", "{0468E8A2-3071-437E-B542-A0DDDF82E793}"
EndProject
Project("{FAE04EC0-301F-11D3-BF4B-00C04F79EFBC}") = "FishingBot", "FishingBot\FishingBot.csproj", "{70561386-83CB-4A43-8B75-734893882B56}"
EndProject
Project("{FAE04EC0-301F-11D3-BF4B-00C04F79EFBC}") = "FuncTest", "FuncTest\FuncTest.csproj", "{AD5B78AB-09D9-4939-B92E-1740E737BEA7}"
EndProject
Global
	GlobalSection(SolutionConfigurationPlatforms) = preSolution
		Debug|Any CPU = Debug|Any CPU
		Debug|x64 = Debug|x64
		Debug|x86 = Debug|x86
		Release|Any CPU = Release|Any CPU
		Release|x64 = Release|x64
		Release|x86 = Release|x86
	EndGlobalSection
	GlobalSection(ProjectConfigurationPlatforms) = postSolution
		{177D825B-BC7F-439B-B1D4-BD21A3E8F2DB}.Debug|Any CPU.ActiveCfg = Debug|Win32
		{177D825B-BC7F-439B-B1D4-BD21A3E8F2DB}.Debug|x64.ActiveCfg = Debug|x64
		{177D825B-BC7F-439B-B1D4-BD21A3E8F2DB}.Debug|x64.Build.0 = Debug|x64
		{177D825B-BC7F-439B-B1D4-BD21A3E8F2DB}.Debug|x86.ActiveCfg = Debug|Win32
		{177D825B-BC7F-439B-B1D4-BD21A3E8F2DB}.Debug|x86.Build.0 = Debug|Win32
		{177D825B-BC7F-439B-B1D4-BD21A3E8F2DB}.Release|Any CPU.ActiveCfg = Release|Win32
		{177D825B-BC7F-439B-B1D4-BD21A3E8F2DB}.Release|x64.ActiveCfg = Release|x64
		{177D825B-BC7F-439B-B1D4-BD21A3E8F2DB}.Release|x64.Build.0 = Release|x64
		{177D825B-BC7F-439B-B1D4-BD21A3E8F2DB}.Release|x86.ActiveCfg = Release|Win32
		{177D825B-BC7F-439B-B1D4-BD21A3E8F2DB}.Release|x86.Build.0 = Release|Win32
		{68CA170A-19E6-4851-BF32-50C1DA32580F}.Debug|Any CPU.ActiveCfg = Debug|Any CPU
		{68CA170A-19E6-4851-BF32-50C1DA32580F}.Debug|Any CPU.Build.0 = Debug|Any CPU
		{68CA170A-19E6-4851-BF32-50C1DA32580F}.Debug|x64.ActiveCfg = Debug|x64
		{68CA170A-19E6-4851-BF32-50C1DA32580F}.Debug|x64.Build.0 = Debug|x64
		{68CA170A-19E6-4851-BF32-50C1DA32580F}.Debug|x86.ActiveCfg = Debug|Any CPU
		{68CA170A-19E6-4851-BF32-50C1DA32580F}.Debug|x86.Build.0 = Debug|Any CPU
		{68CA170A-19E6-4851-BF32-50C1DA32580F}.Release|Any CPU.ActiveCfg = Release|Any CPU
		{68CA170A-19E6-4851-BF32-50C1DA32580F}.Release|Any CPU.Build.0 = Release|Any CPU
		{68CA170A-19E6-4851-BF32-50C1DA32580F}.Release|x64.ActiveCfg = Release|x64
		{68CA170A-19E6-4851-BF32-50C1DA32580F}.Release|x64.Build.0 = Release|x64
		{68CA170A-19E6-4851-BF32-50C1DA32580F}.Release|x86.ActiveCfg = Release|Any CPU
		{68CA170A-19E6-4851-BF32-50C1DA32580F}.Release|x86.Build.0 = Release|Any CPU
		{A97CA82F-71D9-458E-B4A3-9817CFFF7F4B}.Debug|Any CPU.ActiveCfg = Debug|Any CPU
		{A97CA82F-71D9-458E-B4A3-9817CFFF7F4B}.Debug|Any CPU.Build.0 = Debug|Any CPU
		{A97CA82F-71D9-458E-B4A3-9817CFFF7F4B}.Debug|x64.ActiveCfg = Debug|x64
		{A97CA82F-71D9-458E-B4A3-9817CFFF7F4B}.Debug|x64.Build.0 = Debug|x64
		{A97CA82F-71D9-458E-B4A3-9817CFFF7F4B}.Debug|x86.ActiveCfg = Debug|Any CPU
		{A97CA82F-71D9-458E-B4A3-9817CFFF7F4B}.Debug|x86.Build.0 = Debug|Any CPU
		{A97CA82F-71D9-458E-B4A3-9817CFFF7F4B}.Release|Any CPU.ActiveCfg = Release|Any CPU
		{A97CA82F-71D9-458E-B4A3-9817CFFF7F4B}.Release|Any CPU.Build.0 = Release|Any CPU
		{A97CA82F-71D9-458E-B4A3-9817CFFF7F4B}.Release|x64.ActiveCfg = Release|x64
		{A97CA82F-71D9-458E-B4A3-9817CFFF7F4B}.Release|x64.Build.0 = Release|x64
		{A97CA82F-71D9-458E-B4A3-9817CFFF7F4B}.Release|x86.ActiveCfg = Release|Any CPU
		{A97CA82F-71D9-458E-B4A3-9817CFFF7F4B}.Release|x86.Build.0 = Release|Any CPU
		{48234A77-BC36-4282-8971-5BEFC56E72E3}.Debug|Any CPU.ActiveCfg = Debug|Win32
		{48234A77-BC36-4282-8971-5BEFC56E72E3}.Debug|x64.ActiveCfg = Debug|x64
		{48234A77-BC36-4282-8971-5BEFC56E72E3}.Debug|x86.ActiveCfg = Debug|Win32
		{48234A77-BC36-4282-8971-5BEFC56E72E3}.Debug|x86.Build.0 = Debug|Win32
		{48234A77-BC36-4282-8971-5BEFC56E72E3}.Release|Any CPU.ActiveCfg = Release|Win32
		{48234A77-BC36-4282-8971-5BEFC56E72E3}.Release|x64.ActiveCfg = Release|x64
		{48234A77-BC36-4282-8971-5BEFC56E72E3}.Release|x86.ActiveCfg = Release|Win32
		{48234A77-BC36-4282-8971-5BEFC56E72E3}.Release|x86.Build.0 = Release|Win32
		{0468E8A2-3071-437E-B542-A0DDDF82E793}.Debug|Any CPU.ActiveCfg = Debug|Any CPU
		{0468E8A2-3071-437E-B542-A0DDDF82E793}.Debug|Any CPU.Build.0 = Debug|Any CPU
		{0468E8A2-3071-437E-B542-A0DDDF82E793}.Debug|x64.ActiveCfg = Debug|Any CPU
		{0468E8A2-3071-437E-B542-A0DDDF82E793}.Debug|x64.Build.0 = Debug|Any CPU
		{0468E8A2-3071-437E-B542-A0DDDF82E793}.Debug|x86.ActiveCfg = Debug|Any CPU
		{0468E8A2-3071-437E-B542-A0DDDF82E793}.Debug|x86.Build.0 = Debug|Any CPU
		{0468E8A2-3071-437E-B542-A0DDDF82E793}.Release|Any CPU.ActiveCfg = Release|Any CPU
		{0468E8A2-3071-437E-B542-A0DDDF82E793}.Release|Any CPU.Build.0 = Release|Any CPU
		{0468E8A2-3071-437E-B542-A0DDDF82E793}.Release|x64.ActiveCfg = Release|Any CPU
		{0468E8A2-3071-437E-B542-A0DDDF82E793}.Release|x86.ActiveCfg = Release|Any CPU
		{0468E8A2-3071-437E-B542-A0DDDF82E793}.Release|x86.Build.0 = Release|Any CPU
		{70561386-83CB-4A43-8B75-734893882B56}.Debug|Any CPU.ActiveCfg = Debug|Any CPU
		{70561386-83CB-4A43-8B75-734893882B56}.Debug|Any CPU.Build.0 = Debug|Any CPU
		{70561386-83CB-4A43-8B75-734893882B56}.Debug|x64.ActiveCfg = Debug|Any CPU
		{70561386-83CB-4A43-8B75-734893882B56}.Debug|x64.Build.0 = Debug|Any CPU
		{70561386-83CB-4A43-8B75-734893882B56}.Debug|x86.ActiveCfg = Debug|Any CPU
		{70561386-83CB-4A43-8B75-734893882B56}.Debug|x86.Build.0 = Debug|Any CPU
		{70561386-83CB-4A43-8B75-734893882B56}.Release|Any CPU.ActiveCfg = Release|Any CPU
		{70561386-83CB-4A43-8B75-734893882B56}.Release|Any CPU.Build.0 = Release|Any CPU
		{70561386-83CB-4A43-8B75-734893882B56}.Release|x64.ActiveCfg = Release|Any CPU
		{70561386-83CB-4A43-8B75-734893882B56}.Release|x64.Build.0 = Release|Any CPU
		{70561386-83CB-4A43-8B75-734893882B56}.Release|x86.ActiveCfg = Release|Any CPU
		{70561386-83CB-4A43-8B75-734893882B56}.Release|x86.Build.0 = Release|Any CPU
		{AD5B78AB-09D9-4939-B92E-1740E737BEA7}.Debug|Any CPU.ActiveCfg = Debug|Any CPU
		{AD5B78AB-09D9-4939-B92E-1740E737BEA7}.Debug|Any CPU.Build.0 = Debug|Any CPU
		{AD5B78AB-09D9-4939-B92E-1740E737BEA7}.Debug|x64.ActiveCfg = Debug|Any CPU
		{AD5B78AB-09D9-4939-B92E-1740E737BEA7}.Debug|x64.Build.0 = Debug|Any CPU
		{AD5B78AB-09D9-4939-B92E-1740E737BEA7}.Debug|x86.ActiveCfg = Debug|Any CPU
		{AD5B78AB-09D9-4939-B92E-1740E737BEA7}.Debug|x86.Build.0 = Debug|Any CPU
		{AD5B78AB-09D9-4939-B92E-1740E737BEA7}.Release|Any CPU.ActiveCfg = Release|Any CPU
		{AD5B78AB-09D9-4939-B92E-1740E737BEA7}.Release|Any CPU.Build.0 = Release|Any CPU
		{AD5B78AB-09D9-4939-B92E-1740E737BEA7}.Release|x64.ActiveCfg = Release|Any CPU
		{AD5B78AB-09D9-4939-B92E-1740E737BEA7}.Release|x64.Build.0 = Release|Any CPU
		{AD5B78AB-09D9-4939-B92E-1740E737BEA7}.Release|x86.ActiveCfg = Release|Any CPU
		{AD5B78AB-09D9-4939-B92E-1740E737BEA7}.Release|x86.Build.0 = Release|Any CPU
	EndGlobalSection
	GlobalSection(SolutionProperties) = preSolution
		HideSolutionNode = FALSE
	EndGlobalSection
	GlobalSection(NestedProjects) = preSolution
		{70561386-83CB-4A43-8B75-734893882B56} = {D1A24BC3-377A-40AC-9BB0-BE81C5282669}
		{AD5B78AB-09D9-4939-B92E-1740E737BEA7} = {D1A24BC3-377A-40AC-9BB0-BE81C5282669}
	EndGlobalSection
	GlobalSection(ExtensibilityGlobals) = postSolution
		SolutionGuid = {B21CCF38-0272-4910-9749-7AE950A9B6BA}
	EndGlobalSection
EndGlobal
